// !$*UTF8*$!
{
	archiveVersion = 1;
	classes = {
	};
	objectVersion = 50;
	objects = {

/* Begin PBXBuildFile section */
		15093908246794DC00229075 /* AppDelegate.swift in Sources */ = {isa = PBXBuildFile; fileRef = 15093907246794DC00229075 /* AppDelegate.swift */; };
		1509390A246794DC00229075 /* SceneDelegate.swift in Sources */ = {isa = PBXBuildFile; fileRef = 15093909246794DC00229075 /* SceneDelegate.swift */; };
		1509390C246794DC00229075 /* ContentView.swift in Sources */ = {isa = PBXBuildFile; fileRef = 1509390B246794DC00229075 /* ContentView.swift */; };
		1509390E246794DF00229075 /* Assets.xcassets in Resources */ = {isa = PBXBuildFile; fileRef = 1509390D246794DF00229075 /* Assets.xcassets */; };
		15093911246794DF00229075 /* Preview Assets.xcassets in Resources */ = {isa = PBXBuildFile; fileRef = 15093910246794DF00229075 /* Preview Assets.xcassets */; };
		15093914246794DF00229075 /* LaunchScreen.storyboard in Resources */ = {isa = PBXBuildFile; fileRef = 15093912246794DF00229075 /* LaunchScreen.storyboard */; };
		1509391C24679A9F00229075 /* ListNavigation.swift in Sources */ = {isa = PBXBuildFile; fileRef = 1509391B24679A9F00229075 /* ListNavigation.swift */; };
		1509391E2469940F00229075 /* CarAssets.xcassets in Resources */ = {isa = PBXBuildFile; fileRef = 1509391D2469940E00229075 /* CarAssets.xcassets */; };
		150939202469942C00229075 /* carData.json in Resources */ = {isa = PBXBuildFile; fileRef = 1509391F2469942B00229075 /* carData.json */; };
		150939232469944B00229075 /* Car.swift in Sources */ = {isa = PBXBuildFile; fileRef = 150939222469944B00229075 /* Car.swift */; };
		15093925246994BA00229075 /* CarData.swift in Sources */ = {isa = PBXBuildFile; fileRef = 15093924246994BA00229075 /* CarData.swift */; };
		150939272469963000229075 /* CarStore.swift in Sources */ = {isa = PBXBuildFile; fileRef = 150939262469963000229075 /* CarStore.swift */; };
		150939292469968700229075 /* CarContentView.swift in Sources */ = {isa = PBXBuildFile; fileRef = 150939282469968700229075 /* CarContentView.swift */; };
		1509392B246999DF00229075 /* CarDetail.swift in Sources */ = {isa = PBXBuildFile; fileRef = 1509392A246999DF00229075 /* CarDetail.swift */; };
		3B5E850E24A03DA2000DC3AE /* SwiftUIView.swift in Sources */ = {isa = PBXBuildFile; fileRef = 3B5E850D24A03DA2000DC3AE /* SwiftUIView.swift */; };
/* End PBXBuildFile section */

/* Begin PBXFileReference section */
		15093904246794DC00229075 /* SwiftUI_Tutorial.app */ = {isa = PBXFileReference; explicitFileType = wrapper.application; includeInIndex = 0; path = SwiftUI_Tutorial.app; sourceTree = BUILT_PRODUCTS_DIR; };
		15093907246794DC00229075 /* AppDelegate.swift */ = {isa = PBXFileReference; lastKnownFileType = sourcecode.swift; path = AppDelegate.swift; sourceTree = "<group>"; };
		15093909246794DC00229075 /* SceneDelegate.swift */ = {isa = PBXFileReference; lastKnownFileType = sourcecode.swift; path = SceneDelegate.swift; sourceTree = "<group>"; };
		1509390B246794DC00229075 /* ContentView.swift */ = {isa = PBXFileReference; lastKnownFileType = sourcecode.swift; path = ContentView.swift; sourceTree = "<group>"; };
		1509390D246794DF00229075 /* Assets.xcassets */ = {isa = PBXFileReference; lastKnownFileType = folder.assetcatalog; path = Assets.xcassets; sourceTree = "<group>"; };
		15093910246794DF00229075 /* Preview Assets.xcassets */ = {isa = PBXFileReference; lastKnownFileType = folder.assetcatalog; path = "Preview Assets.xcassets"; sourceTree = "<group>"; };
		15093913246794DF00229075 /* Base */ = {isa = PBXFileReference; lastKnownFileType = file.storyboard; name = Base; path = Base.lproj/LaunchScreen.storyboard; sourceTree = "<group>"; };
		15093915246794DF00229075 /* Info.plist */ = {isa = PBXFileReference; lastKnownFileType = text.plist.xml; path = Info.plist; sourceTree = "<group>"; };
		1509391B24679A9F00229075 /* ListNavigation.swift */ = {isa = PBXFileReference; lastKnownFileType = sourcecode.swift; path = ListNavigation.swift; sourceTree = "<group>"; };
		1509391D2469940E00229075 /* CarAssets.xcassets */ = {isa = PBXFileReference; lastKnownFileType = folder.assetcatalog; path = CarAssets.xcassets; sourceTree = "<group>"; };
		1509391F2469942B00229075 /* carData.json */ = {isa = PBXFileReference; fileEncoding = 4; lastKnownFileType = text.json; path = carData.json; sourceTree = "<group>"; };
		150939222469944B00229075 /* Car.swift */ = {isa = PBXFileReference; lastKnownFileType = sourcecode.swift; path = Car.swift; sourceTree = "<group>"; };
		15093924246994BA00229075 /* CarData.swift */ = {isa = PBXFileReference; lastKnownFileType = sourcecode.swift; path = CarData.swift; sourceTree = "<group>"; };
		150939262469963000229075 /* CarStore.swift */ = {isa = PBXFileReference; lastKnownFileType = sourcecode.swift; path = CarStore.swift; sourceTree = "<group>"; };
		150939282469968700229075 /* CarContentView.swift */ = {isa = PBXFileReference; lastKnownFileType = sourcecode.swift; path = CarContentView.swift; sourceTree = "<group>"; };
		1509392A246999DF00229075 /* CarDetail.swift */ = {isa = PBXFileReference; lastKnownFileType = sourcecode.swift; path = CarDetail.swift; sourceTree = "<group>"; };
		3B5E850D24A03DA2000DC3AE /* SwiftUIView.swift */ = {isa = PBXFileReference; lastKnownFileType = sourcecode.swift; path = SwiftUIView.swift; sourceTree = "<group>"; };
/* End PBXFileReference section */

/* Begin PBXFrameworksBuildPhase section */
		15093901246794DC00229075 /* Frameworks */ = {
			isa = PBXFrameworksBuildPhase;
			buildActionMask = 2147483647;
			files = (
			);
			runOnlyForDeploymentPostprocessing = 0;
		};
/* End PBXFrameworksBuildPhase section */

/* Begin PBXGroup section */
		150938FB246794DC00229075 = {
			isa = PBXGroup;
			children = (
				15093906246794DC00229075 /* SwiftUI_Tutorial */,
				15093905246794DC00229075 /* Products */,
			);
			sourceTree = "<group>";
		};
		15093905246794DC00229075 /* Products */ = {
			isa = PBXGroup;
			children = (
				15093904246794DC00229075 /* SwiftUI_Tutorial.app */,
			);
			name = Products;
			sourceTree = "<group>";
		};
		15093906246794DC00229075 /* SwiftUI_Tutorial */ = {
			isa = PBXGroup;
			children = (
				15093907246794DC00229075 /* AppDelegate.swift */,
				15093909246794DC00229075 /* SceneDelegate.swift */,
				1509390B246794DC00229075 /* ContentView.swift */,
				3B5E850D24A03DA2000DC3AE /* SwiftUIView.swift */,
				1509391B24679A9F00229075 /* ListNavigation.swift */,
				150939212469943A00229075 /* Car */,
				1509391F2469942B00229075 /* carData.json */,
				1509390D246794DF00229075 /* Assets.xcassets */,
				1509391D2469940E00229075 /* CarAssets.xcassets */,
				15093912246794DF00229075 /* LaunchScreen.storyboard */,
				15093915246794DF00229075 /* Info.plist */,
				1509390F246794DF00229075 /* Preview Content */,
			);
			path = SwiftUI_Tutorial;
			sourceTree = "<group>";
		};
		1509390F246794DF00229075 /* Preview Content */ = {
			isa = PBXGroup;
			children = (
				15093910246794DF00229075 /* Preview Assets.xcassets */,
			);
			path = "Preview Content";
			sourceTree = "<group>";
		};
		150939212469943A00229075 /* Car */ = {
			isa = PBXGroup;
			children = (
				150939222469944B00229075 /* Car.swift */,
				15093924246994BA00229075 /* CarData.swift */,
				150939262469963000229075 /* CarStore.swift */,
				150939282469968700229075 /* CarContentView.swift */,
				1509392A246999DF00229075 /* CarDetail.swift */,
			);
			path = Car;
			sourceTree = "<group>";
		};
/* End PBXGroup section */

/* Begin PBXNativeTarget section */
		15093903246794DC00229075 /* SwiftUI_Tutorial */ = {
			isa = PBXNativeTarget;
			buildConfigurationList = 15093918246794DF00229075 /* Build configuration list for PBXNativeTarget "SwiftUI_Tutorial" */;
			buildPhases = (
				15093900246794DC00229075 /* Sources */,
				15093901246794DC00229075 /* Frameworks */,
				15093902246794DC00229075 /* Resources */,
			);
			buildRules = (
			);
			dependencies = (
			);
			name = SwiftUI_Tutorial;
			productName = SwiftUI_Tutorial;
			productReference = 15093904246794DC00229075 /* SwiftUI_Tutorial.app */;
			productType = "com.apple.product-type.application";
		};
/* End PBXNativeTarget section */

/* Begin PBXProject section */
		150938FC246794DC00229075 /* Project object */ = {
			isa = PBXProject;
			attributes = {
				LastSwiftUpdateCheck = 1140;
				LastUpgradeCheck = 1140;
				ORGANIZATIONNAME = CMJunghoon;
				TargetAttributes = {
					15093903246794DC00229075 = {
						CreatedOnToolsVersion = 11.4.1;
					};
				};
			};
			buildConfigurationList = 150938FF246794DC00229075 /* Build configuration list for PBXProject "SwiftUI_Tutorial" */;
			compatibilityVersion = "Xcode 9.3";
			developmentRegion = en;
			hasScannedForEncodings = 0;
			knownRegions = (
				en,
				Base,
			);
			mainGroup = 150938FB246794DC00229075;
			productRefGroup = 15093905246794DC00229075 /* Products */;
			projectDirPath = "";
			projectRoot = "";
			targets = (
				15093903246794DC00229075 /* SwiftUI_Tutorial */,
			);
		};
/* End PBXProject section */

/* Begin PBXResourcesBuildPhase section */
		15093902246794DC00229075 /* Resources */ = {
			isa = PBXResourcesBuildPhase;
			buildActionMask = 2147483647;
			files = (
				150939202469942C00229075 /* carData.json in Resources */,
				15093914246794DF00229075 /* LaunchScreen.storyboard in Resources */,
				15093911246794DF00229075 /* Preview Assets.xcassets in Resources */,
				1509390E246794DF00229075 /* Assets.xcassets in Resources */,
				1509391E2469940F00229075 /* CarAssets.xcassets in Resources */,
			);
			runOnlyForDeploymentPostprocessing = 0;
		};
/* End PBXResourcesBuildPhase section */

/* Begin PBXSourcesBuildPhase section */
		15093900246794DC00229075 /* Sources */ = {
			isa = PBXSourcesBuildPhase;
			buildActionMask = 2147483647;
			files = (
				15093908246794DC00229075 /* AppDelegate.swift in Sources */,
				1509390A246794DC00229075 /* SceneDelegate.swift in Sources */,
				15093925246994BA00229075 /* CarData.swift in Sources */,
				150939292469968700229075 /* CarContentView.swift in Sources */,
				3B5E850E24A03DA2000DC3AE /* SwiftUIView.swift in Sources */,
				150939232469944B00229075 /* Car.swift in Sources */,
				1509390C246794DC00229075 /* ContentView.swift in Sources */,
				1509392B246999DF00229075 /* CarDetail.swift in Sources */,
				1509391C24679A9F00229075 /* ListNavigation.swift in Sources */,
				150939272469963000229075 /* CarStore.swift in Sources */,
			);
			runOnlyForDeploymentPostprocessing = 0;
		};
/* End PBXSourcesBuildPhase section */

/* Begin PBXVariantGroup section */
		15093912246794DF00229075 /* LaunchScreen.storyboard */ = {
			isa = PBXVariantGroup;
			children = (
				15093913246794DF00229075 /* Base */,
			);
			name = LaunchScreen.storyboard;
			sourceTree = "<group>";
		};
/* End PBXVariantGroup section */

/* Begin XCBuildConfiguration section */
		15093916246794DF00229075 /* Debug */ = {
			isa = XCBuildConfiguration;
			buildSettings = {
				ALWAYS_SEARCH_USER_PATHS = NO;
				CLANG_ANALYZER_NONNULL = YES;
				CLANG_ANALYZER_NUMBER_OBJECT_CONVERSION = YES_AGGRESSIVE;
				CLANG_CXX_LANGUAGE_STANDARD = "gnu++14";
				CLANG_CXX_LIBRARY = "libc++";
				CLANG_ENABLE_MODULES = YES;
				CLANG_ENABLE_OBJC_ARC = YES;
				CLANG_ENABLE_OBJC_WEAK = YES;
				CLANG_WARN_BLOCK_CAPTURE_AUTORELEASING = YES;
				CLANG_WARN_BOOL_CONVERSION = YES;
				CLANG_WARN_COMMA = YES;
				CLANG_WARN_CONSTANT_CONVERSION = YES;
				CLANG_WARN_DEPRECATED_OBJC_IMPLEMENTATIONS = YES;
				CLANG_WARN_DIRECT_OBJC_ISA_USAGE = YES_ERROR;
				CLANG_WARN_DOCUMENTATION_COMMENTS = YES;
				CLANG_WARN_EMPTY_BODY = YES;
				CLANG_WARN_ENUM_CONVERSION = YES;
				CLANG_WARN_INFINITE_RECURSION = YES;
				CLANG_WARN_INT_CONVERSION = YES;
				CLANG_WARN_NON_LITERAL_NULL_CONVERSION = YES;
				CLANG_WARN_OBJC_IMPLICIT_RETAIN_SELF = YES;
				CLANG_WARN_OBJC_LITERAL_CONVERSION = YES;
				CLANG_WARN_OBJC_ROOT_CLASS = YES_ERROR;
				CLANG_WARN_RANGE_LOOP_ANALYSIS = YES;
				CLANG_WARN_STRICT_PROTOTYPES = YES;
				CLANG_WARN_SUSPICIOUS_MOVE = YES;
				CLANG_WARN_UNGUARDED_AVAILABILITY = YES_AGGRESSIVE;
				CLANG_WARN_UNREACHABLE_CODE = YES;
				CLANG_WARN__DUPLICATE_METHOD_MATCH = YES;
				COPY_PHASE_STRIP = NO;
				DEBUG_INFORMATION_FORMAT = dwarf;
				ENABLE_STRICT_OBJC_MSGSEND = YES;
				ENABLE_TESTABILITY = YES;
				GCC_C_LANGUAGE_STANDARD = gnu11;
				GCC_DYNAMIC_NO_PIC = NO;
				GCC_NO_COMMON_BLOCKS = YES;
				GCC_OPTIMIZATION_LEVEL = 0;
				GCC_PREPROCESSOR_DEFINITIONS = (
					"DEBUG=1",
					"$(inherited)",
				);
				GCC_WARN_64_TO_32_BIT_CONVERSION = YES;
				GCC_WARN_ABOUT_RETURN_TYPE = YES_ERROR;
				GCC_WARN_UNDECLARED_SELECTOR = YES;
				GCC_WARN_UNINITIALIZED_AUTOS = YES_AGGRESSIVE;
				GCC_WARN_UNUSED_FUNCTION = YES;
				GCC_WARN_UNUSED_VARIABLE = YES;
				IPHONEOS_DEPLOYMENT_TARGET = 13.4;
				MTL_ENABLE_DEBUG_INFO = INCLUDE_SOURCE;
				MTL_FAST_MATH = YES;
				ONLY_ACTIVE_ARCH = YES;
				SDKROOT = iphoneos;
				SWIFT_ACTIVE_COMPILATION_CONDITIONS = DEBUG;
				SWIFT_OPTIMIZATION_LEVEL = "-Onone";
			};
			name = Debug;
		};
		15093917246794DF00229075 /* Release */ = {
			isa = XCBuildConfiguration;
			buildSettings = {
				ALWAYS_SEARCH_USER_PATHS = NO;
				CLANG_ANALYZER_NONNULL = YES;
				CLANG_ANALYZER_NUMBER_OBJECT_CONVERSION = YES_AGGRESSIVE;
				CLANG_CXX_LANGUAGE_STANDARD = "gnu++14";
				CLANG_CXX_LIBRARY = "libc++";
				CLANG_ENABLE_MODULES = YES;
				CLANG_ENABLE_OBJC_ARC = YES;
				CLANG_ENABLE_OBJC_WEAK = YES;
				CLANG_WARN_BLOCK_CAPTURE_AUTORELEASING = YES;
				CLANG_WARN_BOOL_CONVERSION = YES;
				CLANG_WARN_COMMA = YES;
				CLANG_WARN_CONSTANT_CONVERSION = YES;
				CLANG_WARN_DEPRECATED_OBJC_IMPLEMENTATIONS = YES;
				CLANG_WARN_DIRECT_OBJC_ISA_USAGE = YES_ERROR;
				CLANG_WARN_DOCUMENTATION_COMMENTS = YES;
				CLANG_WARN_EMPTY_BODY = YES;
				CLANG_WARN_ENUM_CONVERSION = YES;
				CLANG_WARN_INFINITE_RECURSION = YES;
				CLANG_WARN_INT_CONVERSION = YES;
				CLANG_WARN_NON_LITERAL_NULL_CONVERSION = YES;
				CLANG_WARN_OBJC_IMPLICIT_RETAIN_SELF = YES;
				CLANG_WARN_OBJC_LITERAL_CONVERSION = YES;
				CLANG_WARN_OBJC_ROOT_CLASS = YES_ERROR;
				CLANG_WARN_RANGE_LOOP_ANALYSIS = YES;
				CLANG_WARN_STRICT_PROTOTYPES = YES;
				CLANG_WARN_SUSPICIOUS_MOVE = YES;
				CLANG_WARN_UNGUARDED_AVAILABILITY = YES_AGGRESSIVE;
				CLANG_WARN_UNREACHABLE_CODE = YES;
				CLANG_WARN__DUPLICATE_METHOD_MATCH = YES;
				COPY_PHASE_STRIP = NO;
				DEBUG_INFORMATION_FORMAT = "dwarf-with-dsym";
				ENABLE_NS_ASSERTIONS = NO;
				ENABLE_STRICT_OBJC_MSGSEND = YES;
				GCC_C_LANGUAGE_STANDARD = gnu11;
				GCC_NO_COMMON_BLOCKS = YES;
				GCC_WARN_64_TO_32_BIT_CONVERSION = YES;
				GCC_WARN_ABOUT_RETURN_TYPE = YES_ERROR;
				GCC_WARN_UNDECLARED_SELECTOR = YES;
				GCC_WARN_UNINITIALIZED_AUTOS = YES_AGGRESSIVE;
				GCC_WARN_UNUSED_FUNCTION = YES;
				GCC_WARN_UNUSED_VARIABLE = YES;
				IPHONEOS_DEPLOYMENT_TARGET = 13.4;
				MTL_ENABLE_DEBUG_INFO = NO;
				MTL_FAST_MATH = YES;
				SDKROOT = iphoneos;
				SWIFT_COMPILATION_MODE = wholemodule;
				SWIFT_OPTIMIZATION_LEVEL = "-O";
				VALIDATE_PRODUCT = YES;
			};
			name = Release;
		};
		15093919246794DF00229075 /* Debug */ = {
			isa = XCBuildConfiguration;
			buildSettings = {
				ASSETCATALOG_COMPILER_APPICON_NAME = AppIcon;
				CODE_SIGN_STYLE = Automatic;
				DEVELOPMENT_ASSET_PATHS = "\"SwiftUI_Tutorial/Preview Content\"";
				ENABLE_PREVIEWS = YES;
				INFOPLIST_FILE = SwiftUI_Tutorial/Info.plist;
				LD_RUNPATH_SEARCH_PATHS = (
					"$(inherited)",
					"@executable_path/Frameworks",
				);
				PRODUCT_BUNDLE_IDENTIFIER = "com.coolmint.junghoon.SwiftUI-Tutorial";
				PRODUCT_NAME = "$(TARGET_NAME)";
				SWIFT_VERSION = 5.0;
				TARGETED_DEVICE_FAMILY = "1,2";
			};
			name = Debug;
		};
		1509391A246794DF00229075 /* Release */ = {
			isa = XCBuildConfiguration;
			buildSettings = {
				ASSETCATALOG_COMPILER_APPICON_NAME = AppIcon;
				CODE_SIGN_STYLE = Automatic;
				DEVELOPMENT_ASSET_PATHS = "\"SwiftUI_Tutorial/Preview Content\"";
				ENABLE_PREVIEWS = YES;
				INFOPLIST_FILE = SwiftUI_Tutorial/Info.plist;
				LD_RUNPATH_SEARCH_PATHS = (
					"$(inherited)",
					"@executable_path/Frameworks",
				);
				PRODUCT_BUNDLE_IDENTIFIER = "com.coolmint.junghoon.SwiftUI-Tutorial";
				PRODUCT_NAME = "$(TARGET_NAME)";
				SWIFT_VERSION = 5.0;
				TARGETED_DEVICE_FAMILY = "1,2";
			};
			name = Release;
		};
/* End XCBuildConfiguration section */

/* Begin XCConfigurationList section */
		150938FF246794DC00229075 /* Build configuration list for PBXProject "SwiftUI_Tutorial" */ = {
			isa = XCConfigurationList;
			buildConfigurations = (
				15093916246794DF00229075 /* Debug */,
				15093917246794DF00229075 /* Release */,
			);
			defaultConfigurationIsVisible = 0;
			defaultConfigurationName = Release;
		};
		15093918246794DF00229075 /* Build configuration list for PBXNativeTarget "SwiftUI_Tutorial" */ = {
			isa = XCConfigurationList;
			buildConfigurations = (
				15093919246794DF00229075 /* Debug */,
				1509391A246794DF00229075 /* Release */,
			);
			defaultConfigurationIsVisible = 0;
			defaultConfigurationName = Release;
		};
/* End XCConfigurationList section */
	};
	rootObject = 150938FC246794DC00229075 /* Project object */;
}
